
Microsoft Visual Studio Solution File, Format Version 12.00
# Visual Studio Version 16
VisualStudioVersion = 16.0.30517.126
MinimumVisualStudioVersion = 10.0.40219.1
Project("{FAE04EC0-301F-11D3-BF4B-00C04F79EFBC}") = "ContosoConf", "ContosoConf\ContosoConf.csproj", "{0B2387DB-F986-4A3C-9C85-545E64BC4470}"
EndProject
Project("{2150E333-8FDC-42A3-9474-1A3956D46DE8}") = "Solution Items", "Solution Items", "{E323C764-5C37-4E98-A2C3-F51BCF96C746}"
	ProjectSection(SolutionItems) = preProject
		Readme.md = Readme.md
	EndProjectSection
EndProject
Global
	GlobalSection(SolutionConfigurationPlatforms) = preSolution
		Debug|Any CPU = Debug|Any CPU
		Release|Any CPU = Release|Any CPU
	EndGlobalSection
	GlobalSection(ProjectConfigurationPlatforms) = postSolution
		{0B2387DB-F986-4A3C-9C85-545E64BC4470}.Debug|Any CPU.ActiveCfg = Debug|Any CPU
		{0B2387DB-F986-4A3C-9C85-545E64BC4470}.Debug|Any CPU.Build.0 = Debug|Any CPU
		{0B2387DB-F986-4A3C-9C85-545E64BC4470}.Release|Any CPU.ActiveCfg = Release|Any CPU
		{0B2387DB-F986-4A3C-9C85-545E64BC4470}.Release|Any CPU.Build.0 = Release|Any CPU
	EndGlobalSection
	GlobalSection(SolutionProperties) = preSolution
		HideSolutionNode = FALSE
	EndGlobalSection
	GlobalSection(ExtensibilityGlobals) = postSolution
		SolutionGuid = {2B631BF3-9050-4281-9B7A-23D16F7A9EBD}
	EndGlobalSection
EndGlobal
